# THIS IS AN AUTOGENERATED FILE. DO NOT EDIT THIS FILE DIRECTLY.
# yarn lockfile v1


"@playwright/test@^1.48.1":
  version "1.49.0"
  resolved "https://registry.npmjs.org/@playwright/test/-/test-1.49.0.tgz"
  integrity sha512-DMulbwQURa8rNIQrf94+jPJQ4FmOVdpE5ZppRNvWVjvhC+6sOeo28r8MgIpQRYouXRtt/FCCXU7zn20jnHR4Qw==
  dependencies:
    playwright "1.49.0"

"@tonkeeper/playwrite@file:C:\\Users\\hp\\OneDrive\\Документы\\GitHub\\tonkeeper-web\\tests\\playwright":
  version "1.0.0"
  resolved "file:tests/playwright"

"@types/node@^22.7.9":
  version "22.9.0"
  resolved "https://registry.npmjs.org/@types/node/-/node-22.9.0.tgz"
  integrity sha512-vuyHg81vvWA1Z1ELfvLko2c8f34gyA0zaic0+Rllc5lbCnbSyuvb2Oxpm6TAUAC/2xZN3QGqxBNggD1nNR2AfQ==
  dependencies:
    undici-types "~6.19.8"

dotenv@^16.4.5:
  version "16.4.5"
  resolved "https://registry.npmjs.org/dotenv/-/dotenv-16.4.5.tgz"
  integrity sha512-ZmdL2rui+eB2YwhsWzjInR8LldtZHGDoQ1ugH85ppHKwpUHL7j7rN0Ti9NCnGiQbhaZ11FpR+7ao1dNsmduNUg==

playwright-core@1.49.0:
  version "1.49.0"
  resolved "https://registry.npmjs.org/playwright-core/-/playwright-core-1.49.0.tgz"
  integrity sha512-R+3KKTQF3npy5GTiKH/T+kdhoJfJojjHESR1YEWhYuEKRVfVaxH3+4+GvXE5xyCngCxhxnykk0Vlah9v8fs3jA==

playwright@1.49.0:
  version "1.49.0"
  resolved "https://registry.npmjs.org/playwright/-/playwright-1.49.0.tgz"
  integrity sha512-eKpmys0UFDnfNb3vfsf8Vx2LEOtflgRebl0Im2eQQnYMA4Aqd+Zw8bEOB+7ZKvN76901mRnqdsiOGKxzVTbi7A==
  dependencies:
    playwright-core "1.49.0"
  optionalDependencies:
    fsevents "2.3.2"

undici-types@~6.19.8:
  version "6.19.8"
  resolved "https://registry.npmjs.org/undici-types/-/undici-types-6.19.8.tgz"
  integrity sha512-ve2KP6f/JnbPBFyobGHuerC9g1FYGn/F8n1LWTwNxCEzd6IfqTwUQcNXgEtmmQ6DlRrC1hrSrBnCZPokRrDHjw==
