PODS:
  - Capacitor (6.1.2):
    - CapacitorCordova
  - CapacitorCamera (6.1.0):
    - Capacitor
  - CapacitorClipboard (6.0.1):
    - Capacitor
  - CapacitorCordova (6.1.2)
  - CapacitorPreferences (6.0.2):
    - Capacitor
  - CapacitorSplashScreen (6.0.2):
    - Capacitor

DEPENDENCIES:
  - "Capacitor (from `../../node_modules/@capacitor/ios`)"
  - "CapacitorCamera (from `../../node_modules/@capacitor/camera`)"
  - "CapacitorClipboard (from `../../node_modules/@capacitor/clipboard`)"
  - "CapacitorCordova (from `../../node_modules/@capacitor/ios`)"
  - "CapacitorPreferences (from `../../node_modules/@capacitor/preferences`)"
  - "CapacitorSplashScreen (from `../../node_modules/@capacitor/splash-screen`)"

EXTERNAL SOURCES:
  Capacitor:
    :path: "../../node_modules/@capacitor/ios"
  CapacitorCamera:
    :path: "../../node_modules/@capacitor/camera"
  CapacitorClipboard:
    :path: "../../node_modules/@capacitor/clipboard"
  CapacitorCordova:
    :path: "../../node_modules/@capacitor/ios"
  CapacitorPreferences:
    :path: "../../node_modules/@capacitor/preferences"
  CapacitorSplashScreen:
    :path: "../../node_modules/@capacitor/splash-screen"

SPEC CHECKSUMS:
  Capacitor: 679f9673fdf30597493a6362a5d5bf233d46abc2
  CapacitorCamera: 81ce64062cd82b82cc75a79616fda4bd09d7f643
  CapacitorClipboard: 756cd7e83e8d5d19b0c74f40b57517c287bd5fe2
  CapacitorCordova: f48c89f96c319101cd2f0ce8a2b7449b5fb8b3dd
  CapacitorPreferences: e8284bf740cf8c6d3f25409af3c01df87dfeb5a1
  CapacitorSplashScreen: 250df9ef8014fac5c7c1fd231f0f8b1d8f0b5624

PODFILE CHECKSUM: e36c8e5d5b0420a4ede69a544ad7bb79532ad6d3

COCOAPODS: 1.16.2
